<?xml version="1.0" encoding="UTF-8" standalone="yes" ?>
<CodeBlocks_project_file>
	<FileVersion major="1" minor="6" />
	<Project>
		<Option title="Bomberman" />
		<Option platforms="Windows;Unix;" />
		<Option pch_mode="2" />
		<Option compiler="gcc" />
		<Build>
			<Target title="Debug_linux64">
				<Option platforms="Unix;" />
				<Option output="bin/Debug_l/Bomberman_linux_64" prefix_auto="0" extension_auto="0" />
				<Option object_output="obj/Debug_l/" />
				<Option type="1" />
				<Option compiler="gcc" />
				<Compiler>
					<Add option="-Wextra" />
					<Add option="-Wall" />
					<Add option="-g" />
					<Add option="-std=c++11" />
					<Add directory="SFML-2.1-linux64/include" />
					<Add directory="include" />
					<Add directory="include/gui" />
					<Add directory="include/Menu" />
					<Add directory="include/Personnage" />
					<Add directory="include/BonusMalus" />
					<Add directory="include/Game" />
					<Add directory="include/Bomb" />
				</Compiler>
				<Linker>
					<Add option="-lGL" />
					<Add option="-lGLU" />
					<Add library="SFML-2.1-linux64/lib/libsfml-audio.so" />
					<Add library="SFML-2.1-linux64/lib/libsfml-graphics.so" />
					<Add library="SFML-2.1-linux64/lib/libsfml-window.so" />
					<Add library="SFML-2.1-linux64/lib/libsfml-system.so" />
					<Add library="SFML-2.1-linux64/lib/libsfml-network.so" />
					<Add directory="SFML-2.1-linux64/lib" />
				</Linker>
			</Target>
			<Target title="Release_linux64">
				<Option platforms="Unix;" />
				<Option output="Bomberman_linux_64" prefix_auto="0" extension_auto="0" />
				<Option object_output="obj/Release_l/" />
				<Option type="0" />
				<Option compiler="gcc" />
				<Compiler>
					<Add option="-O3" />
					<Add option="-std=c++11" />
					<Add directory="SFML-2.1-linux64/include" />
					<Add directory="include" />
					<Add directory="include/gui" />
					<Add directory="include/Menu" />
					<Add directory="include/Personnage" />
					<Add directory="include/BonusMalus" />
					<Add directory="include/Game" />
					<Add directory="include/Bomb" />
				</Compiler>
				<Linker>
					<Add option="-s" />
					<Add option="-lGL" />
					<Add option="-lGLU" />
					<Add library="SFML-2.1-linux64/lib/libsfml-audio.so" />
					<Add library="SFML-2.1-linux64/lib/libsfml-graphics.so" />
					<Add library="SFML-2.1-linux64/lib/libsfml-window.so" />
					<Add library="SFML-2.1-linux64/lib/libsfml-system.so" />
					<Add library="SFML-2.1-linux64/lib/libsfml-network.so" />
					<Add directory="SFML-2.1-linux64/lib" />
				</Linker>
			</Target>
			<Target title="Debug_win32">
				<Option platforms="Windows;" />
				<Option output="bin/Debug_w/Bomberman_win_64" prefix_auto="1" extension_auto="1" />
				<Option object_output="obj/Debug_w/" />
				<Option type="1" />
				<Option compiler="gcc" />
				<Compiler>
					<Add option="-std=c++11" />
					<Add option="-Wextra" />
					<Add option="-Wall" />
					<Add option="-g" />
					<Add option="-DSFML_STATIC" />
					<Add directory="./SFML-2.1/include" />
					<Add directory="include" />
					<Add directory="include/gui" />
					<Add directory="include/Menu" />
					<Add directory="include/Personnage" />
					<Add directory="include/BonusMalus" />
					<Add directory="include/Game" />
					<Add directory="include/Bomb" />
				</Compiler>
				<Linker>
					<Add option="-lglu32" />
					<Add library="sfml-audio-s-d" />
					<Add library="sfml-graphics-s-d" />
					<Add library="sfml-window-s-d" />
					<Add library="sfml-system-s-d" />
					<Add library="sfml-network-s-d" />
					<Add directory="./SFML-2.1/lib" />
				</Linker>
			</Target>
			<Target title="Release_win32">
				<Option platforms="Windows;" />
				<Option output="Bomberman_win_64" prefix_auto="1" extension_auto="1" />
				<Option object_output="obj/Release_w/" />
				<Option type="0" />
				<Option compiler="gcc" />
				<Compiler>
					<Add option="-O3" />
					<Add option="-std=c++11" />
					<Add option="-DSFML_STATIC" />
					<Add directory="./SFML-2.1/include" />
					<Add directory="include" />
					<Add directory="include/gui" />
					<Add directory="include/Menu" />
					<Add directory="include/Personnage" />
					<Add directory="include/BonusMalus" />
					<Add directory="include/Game" />
					<Add directory="include/Bomb" />
				</Compiler>
				<Linker>
					<Add option="-s" />
					<Add option="-lglu32" />
					<Add library="sfml-audio-s" />
					<Add library="sfml-graphics-s" />
					<Add library="sfml-window-s" />
					<Add library="sfml-system-s" />
					<Add library="sfml-network-s" />
					<Add directory="./SFML-2.1/lib" />
				</Linker>
			</Target>
		</Build>
		<Compiler>
			<Add directory="include" />
		</Compiler>
		<Unit filename="SFML-2.1-linux64/include/SFML/Audio.hpp" />
		<Unit filename="SFML-2.1-linux64/include/SFML/Audio/Export.hpp" />
		<Unit filename="SFML-2.1-linux64/include/SFML/Audio/Listener.hpp" />
		<Unit filename="SFML-2.1-linux64/include/SFML/Audio/Music.hpp" />
		<Unit filename="SFML-2.1-linux64/include/SFML/Audio/Sound.hpp" />
		<Unit filename="SFML-2.1-linux64/include/SFML/Audio/SoundBuffer.hpp" />
		<Unit filename="SFML-2.1-linux64/include/SFML/Audio/SoundBufferRecorder.hpp" />
		<Unit filename="SFML-2.1-linux64/include/SFML/Audio/SoundRecorder.hpp" />
		<Unit filename="SFML-2.1-linux64/include/SFML/Audio/SoundSource.hpp" />
		<Unit filename="SFML-2.1-linux64/include/SFML/Audio/SoundStream.hpp" />
		<Unit filename="SFML-2.1-linux64/include/SFML/Config.hpp" />
		<Unit filename="SFML-2.1-linux64/include/SFML/Graphics.hpp" />
		<Unit filename="SFML-2.1-linux64/include/SFML/Graphics/BlendMode.hpp" />
		<Unit filename="SFML-2.1-linux64/include/SFML/Graphics/CircleShape.hpp" />
		<Unit filename="SFML-2.1-linux64/include/SFML/Graphics/Color.hpp" />
		<Unit filename="SFML-2.1-linux64/include/SFML/Graphics/ConvexShape.hpp" />
		<Unit filename="SFML-2.1-linux64/include/SFML/Graphics/Drawable.hpp" />
		<Unit filename="SFML-2.1-linux64/include/SFML/Graphics/Export.hpp" />
		<Unit filename="SFML-2.1-linux64/include/SFML/Graphics/Font.hpp" />
		<Unit filename="SFML-2.1-linux64/include/SFML/Graphics/Glyph.hpp" />
		<Unit filename="SFML-2.1-linux64/include/SFML/Graphics/Image.hpp" />
		<Unit filename="SFML-2.1-linux64/include/SFML/Graphics/PrimitiveType.hpp" />
		<Unit filename="SFML-2.1-linux64/include/SFML/Graphics/Rect.hpp" />
		<Unit filename="SFML-2.1-linux64/include/SFML/Graphics/RectangleShape.hpp" />
		<Unit filename="SFML-2.1-linux64/include/SFML/Graphics/RenderStates.hpp" />
		<Unit filename="SFML-2.1-linux64/include/SFML/Graphics/RenderTarget.hpp" />
		<Unit filename="SFML-2.1-linux64/include/SFML/Graphics/RenderTexture.hpp" />
		<Unit filename="SFML-2.1-linux64/include/SFML/Graphics/RenderWindow.hpp" />
		<Unit filename="SFML-2.1-linux64/include/SFML/Graphics/Shader.hpp" />
		<Unit filename="SFML-2.1-linux64/include/SFML/Graphics/Shape.hpp" />
		<Unit filename="SFML-2.1-linux64/include/SFML/Graphics/Sprite.hpp" />
		<Unit filename="SFML-2.1-linux64/include/SFML/Graphics/Text.hpp" />
		<Unit filename="SFML-2.1-linux64/include/SFML/Graphics/Texture.hpp" />
		<Unit filename="SFML-2.1-linux64/include/SFML/Graphics/Transform.hpp" />
		<Unit filename="SFML-2.1-linux64/include/SFML/Graphics/Transformable.hpp" />
		<Unit filename="SFML-2.1-linux64/include/SFML/Graphics/Vertex.hpp" />
		<Unit filename="SFML-2.1-linux64/include/SFML/Graphics/VertexArray.hpp" />
		<Unit filename="SFML-2.1-linux64/include/SFML/Graphics/View.hpp" />
		<Unit filename="SFML-2.1-linux64/include/SFML/Network.hpp" />
		<Unit filename="SFML-2.1-linux64/include/SFML/Network/Export.hpp" />
		<Unit filename="SFML-2.1-linux64/include/SFML/Network/Ftp.hpp" />
		<Unit filename="SFML-2.1-linux64/include/SFML/Network/Http.hpp" />
		<Unit filename="SFML-2.1-linux64/include/SFML/Network/IpAddress.hpp" />
		<Unit filename="SFML-2.1-linux64/include/SFML/Network/Packet.hpp" />
		<Unit filename="SFML-2.1-linux64/include/SFML/Network/Socket.hpp" />
		<Unit filename="SFML-2.1-linux64/include/SFML/Network/SocketHandle.hpp" />
		<Unit filename="SFML-2.1-linux64/include/SFML/Network/SocketSelector.hpp" />
		<Unit filename="SFML-2.1-linux64/include/SFML/Network/TcpListener.hpp" />
		<Unit filename="SFML-2.1-linux64/include/SFML/Network/TcpSocket.hpp" />
		<Unit filename="SFML-2.1-linux64/include/SFML/Network/UdpSocket.hpp" />
		<Unit filename="SFML-2.1-linux64/include/SFML/OpenGL.hpp" />
		<Unit filename="SFML-2.1-linux64/include/SFML/System.hpp" />
		<Unit filename="SFML-2.1-linux64/include/SFML/System/Clock.hpp" />
		<Unit filename="SFML-2.1-linux64/include/SFML/System/Err.hpp" />
		<Unit filename="SFML-2.1-linux64/include/SFML/System/Export.hpp" />
		<Unit filename="SFML-2.1-linux64/include/SFML/System/InputStream.hpp" />
		<Unit filename="SFML-2.1-linux64/include/SFML/System/Lock.hpp" />
		<Unit filename="SFML-2.1-linux64/include/SFML/System/Mutex.hpp" />
		<Unit filename="SFML-2.1-linux64/include/SFML/System/NonCopyable.hpp" />
		<Unit filename="SFML-2.1-linux64/include/SFML/System/Sleep.hpp" />
		<Unit filename="SFML-2.1-linux64/include/SFML/System/String.hpp" />
		<Unit filename="SFML-2.1-linux64/include/SFML/System/Thread.hpp" />
		<Unit filename="SFML-2.1-linux64/include/SFML/System/ThreadLocal.hpp" />
		<Unit filename="SFML-2.1-linux64/include/SFML/System/ThreadLocalPtr.hpp" />
		<Unit filename="SFML-2.1-linux64/include/SFML/System/Time.hpp" />
		<Unit filename="SFML-2.1-linux64/include/SFML/System/Utf.hpp" />
		<Unit filename="SFML-2.1-linux64/include/SFML/System/Vector2.hpp" />
		<Unit filename="SFML-2.1-linux64/include/SFML/System/Vector3.hpp" />
		<Unit filename="SFML-2.1-linux64/include/SFML/Window.hpp" />
		<Unit filename="SFML-2.1-linux64/include/SFML/Window/Context.hpp" />
		<Unit filename="SFML-2.1-linux64/include/SFML/Window/ContextSettings.hpp" />
		<Unit filename="SFML-2.1-linux64/include/SFML/Window/Event.hpp" />
		<Unit filename="SFML-2.1-linux64/include/SFML/Window/Export.hpp" />
		<Unit filename="SFML-2.1-linux64/include/SFML/Window/GlResource.hpp" />
		<Unit filename="SFML-2.1-linux64/include/SFML/Window/Joystick.hpp" />
		<Unit filename="SFML-2.1-linux64/include/SFML/Window/Keyboard.hpp" />
		<Unit filename="SFML-2.1-linux64/include/SFML/Window/Mouse.hpp" />
		<Unit filename="SFML-2.1-linux64/include/SFML/Window/VideoMode.hpp" />
		<Unit filename="SFML-2.1-linux64/include/SFML/Window/Window.hpp" />
		<Unit filename="SFML-2.1-linux64/include/SFML/Window/WindowHandle.hpp" />
		<Unit filename="SFML-2.1-linux64/include/SFML/Window/WindowStyle.hpp" />
		<Unit filename="SFML-2.1/include/SFML/Audio.hpp" />
		<Unit filename="SFML-2.1/include/SFML/Audio/Export.hpp" />
		<Unit filename="SFML-2.1/include/SFML/Audio/Listener.hpp" />
		<Unit filename="SFML-2.1/include/SFML/Audio/Music.hpp" />
		<Unit filename="SFML-2.1/include/SFML/Audio/Sound.hpp" />
		<Unit filename="SFML-2.1/include/SFML/Audio/SoundBuffer.hpp" />
		<Unit filename="SFML-2.1/include/SFML/Audio/SoundBufferRecorder.hpp" />
		<Unit filename="SFML-2.1/include/SFML/Audio/SoundRecorder.hpp" />
		<Unit filename="SFML-2.1/include/SFML/Audio/SoundSource.hpp" />
		<Unit filename="SFML-2.1/include/SFML/Audio/SoundStream.hpp" />
		<Unit filename="SFML-2.1/include/SFML/Config.hpp" />
		<Unit filename="SFML-2.1/include/SFML/Graphics.hpp" />
		<Unit filename="SFML-2.1/include/SFML/Graphics/BlendMode.hpp" />
		<Unit filename="SFML-2.1/include/SFML/Graphics/CircleShape.hpp" />
		<Unit filename="SFML-2.1/include/SFML/Graphics/Color.hpp" />
		<Unit filename="SFML-2.1/include/SFML/Graphics/ConvexShape.hpp" />
		<Unit filename="SFML-2.1/include/SFML/Graphics/Drawable.hpp" />
		<Unit filename="SFML-2.1/include/SFML/Graphics/Export.hpp" />
		<Unit filename="SFML-2.1/include/SFML/Graphics/Font.hpp" />
		<Unit filename="SFML-2.1/include/SFML/Graphics/Glyph.hpp" />
		<Unit filename="SFML-2.1/include/SFML/Graphics/Image.hpp" />
		<Unit filename="SFML-2.1/include/SFML/Graphics/PrimitiveType.hpp" />
		<Unit filename="SFML-2.1/include/SFML/Graphics/Rect.hpp" />
		<Unit filename="SFML-2.1/include/SFML/Graphics/RectangleShape.hpp" />
		<Unit filename="SFML-2.1/include/SFML/Graphics/RenderStates.hpp" />
		<Unit filename="SFML-2.1/include/SFML/Graphics/RenderTarget.hpp" />
		<Unit filename="SFML-2.1/include/SFML/Graphics/RenderTexture.hpp" />
		<Unit filename="SFML-2.1/include/SFML/Graphics/RenderWindow.hpp" />
		<Unit filename="SFML-2.1/include/SFML/Graphics/Shader.hpp" />
		<Unit filename="SFML-2.1/include/SFML/Graphics/Shape.hpp" />
		<Unit filename="SFML-2.1/include/SFML/Graphics/Sprite.hpp" />
		<Unit filename="SFML-2.1/include/SFML/Graphics/Text.hpp" />
		<Unit filename="SFML-2.1/include/SFML/Graphics/Texture.hpp" />
		<Unit filename="SFML-2.1/include/SFML/Graphics/Transform.hpp" />
		<Unit filename="SFML-2.1/include/SFML/Graphics/Transformable.hpp" />
		<Unit filename="SFML-2.1/include/SFML/Graphics/Vertex.hpp" />
		<Unit filename="SFML-2.1/include/SFML/Graphics/VertexArray.hpp" />
		<Unit filename="SFML-2.1/include/SFML/Graphics/View.hpp" />
		<Unit filename="SFML-2.1/include/SFML/Network.hpp" />
		<Unit filename="SFML-2.1/include/SFML/Network/Export.hpp" />
		<Unit filename="SFML-2.1/include/SFML/Network/Ftp.hpp" />
		<Unit filename="SFML-2.1/include/SFML/Network/Http.hpp" />
		<Unit filename="SFML-2.1/include/SFML/Network/IpAddress.hpp" />
		<Unit filename="SFML-2.1/include/SFML/Network/Packet.hpp" />
		<Unit filename="SFML-2.1/include/SFML/Network/Socket.hpp" />
		<Unit filename="SFML-2.1/include/SFML/Network/SocketHandle.hpp" />
		<Unit filename="SFML-2.1/include/SFML/Network/SocketSelector.hpp" />
		<Unit filename="SFML-2.1/include/SFML/Network/TcpListener.hpp" />
		<Unit filename="SFML-2.1/include/SFML/Network/TcpSocket.hpp" />
		<Unit filename="SFML-2.1/include/SFML/Network/UdpSocket.hpp" />
		<Unit filename="SFML-2.1/include/SFML/OpenGL.hpp" />
		<Unit filename="SFML-2.1/include/SFML/System.hpp" />
		<Unit filename="SFML-2.1/include/SFML/System/Clock.hpp" />
		<Unit filename="SFML-2.1/include/SFML/System/Err.hpp" />
		<Unit filename="SFML-2.1/include/SFML/System/Export.hpp" />
		<Unit filename="SFML-2.1/include/SFML/System/InputStream.hpp" />
		<Unit filename="SFML-2.1/include/SFML/System/Lock.hpp" />
		<Unit filename="SFML-2.1/include/SFML/System/Mutex.hpp" />
		<Unit filename="SFML-2.1/include/SFML/System/NonCopyable.hpp" />
		<Unit filename="SFML-2.1/include/SFML/System/Sleep.hpp" />
		<Unit filename="SFML-2.1/include/SFML/System/String.hpp" />
		<Unit filename="SFML-2.1/include/SFML/System/Thread.hpp" />
		<Unit filename="SFML-2.1/include/SFML/System/ThreadLocal.hpp" />
		<Unit filename="SFML-2.1/include/SFML/System/ThreadLocalPtr.hpp" />
		<Unit filename="SFML-2.1/include/SFML/System/Time.hpp" />
		<Unit filename="SFML-2.1/include/SFML/System/Utf.hpp" />
		<Unit filename="SFML-2.1/include/SFML/System/Vector2.hpp" />
		<Unit filename="SFML-2.1/include/SFML/System/Vector3.hpp" />
		<Unit filename="SFML-2.1/include/SFML/Window.hpp" />
		<Unit filename="SFML-2.1/include/SFML/Window/Context.hpp" />
		<Unit filename="SFML-2.1/include/SFML/Window/ContextSettings.hpp" />
		<Unit filename="SFML-2.1/include/SFML/Window/Event.hpp" />
		<Unit filename="SFML-2.1/include/SFML/Window/Export.hpp" />
		<Unit filename="SFML-2.1/include/SFML/Window/GlResource.hpp" />
		<Unit filename="SFML-2.1/include/SFML/Window/Joystick.hpp" />
		<Unit filename="SFML-2.1/include/SFML/Window/Keyboard.hpp" />
		<Unit filename="SFML-2.1/include/SFML/Window/Mouse.hpp" />
		<Unit filename="SFML-2.1/include/SFML/Window/VideoMode.hpp" />
		<Unit filename="SFML-2.1/include/SFML/Window/Window.hpp" />
		<Unit filename="SFML-2.1/include/SFML/Window/WindowHandle.hpp" />
		<Unit filename="SFML-2.1/include/SFML/Window/WindowStyle.hpp" />
		<Unit filename="include/Application.hpp" />
		<Unit filename="include/Background.h" />
		<Unit filename="include/Bomb/Bomb.hpp" />
		<Unit filename="include/Bomb/BombManager.hpp" />
		<Unit filename="include/Bomb/StratBombSimple.hpp" />
		<Unit filename="include/BonusMalus/BonusDegatsBombes.hpp" />
		<Unit filename="include/BonusMalus/BonusLauncher.hpp" />
		<Unit filename="include/BonusMalus/BonusMalus.hpp" />
		<Unit filename="include/BonusMalus/BonusNbBombes.hpp" />
		<Unit filename="include/BonusMalus/BonusPusher.h" />
		<Unit filename="include/BonusMalus/BonusVitesse.hpp" />
		<Unit filename="include/BonusMalus/MalusDegatsBombes.hpp" />
		<Unit filename="include/BonusMalus/MalusNbBombes.hpp" />
		<Unit filename="include/BonusMalus/MalusVitesse.hpp" />
		<Unit filename="include/Editeur/EditeurMap.hpp" />
		<Unit filename="include/Game/Block.hpp" />
		<Unit filename="include/Game/Case.hpp" />
		<Unit filename="include/Game/Game.hpp" />
		<Unit filename="include/Game/Map.hpp" />
		<Unit filename="include/Game/Mur.hpp" />
		<Unit filename="include/Game/Sol.hpp" />
		<Unit filename="include/General.hpp" />
		<Unit filename="include/General/Console.hpp" />
		<Unit filename="include/General/EventManager.hpp" />
		<Unit filename="include/General/Ressource.hpp" />
		<Unit filename="include/General/Screen.h" />
		<Unit filename="include/General/ScreenManager.h" />
		<Unit filename="include/Menu/Menu.hpp" />
		<Unit filename="include/Menu/MenuIndex.hpp" />
		<Unit filename="include/Observable.hpp" />
		<Unit filename="include/Observateur.hpp" />
		<Unit filename="include/Personnage/Humain.hpp" />
		<Unit filename="include/Personnage/IA.hpp" />
		<Unit filename="include/Personnage/Personnage.hpp" />
		<Unit filename="include/gui/Bouton.hpp" />
		<Unit filename="include/gui/Checkbox.hpp" />
		<Unit filename="include/gui/InputText.hpp" />
		<Unit filename="include/gui/Slider.hpp" />
		<Unit filename="include/header.hpp" />
		<Unit filename="include/noClass.hpp" />
		<Unit filename="include/noClass/Collision.hpp" />
		<Unit filename="include/noClass/fn_file.hpp" />
		<Unit filename="include/noClass/fn_random.hpp" />
		<Unit filename="include/noClass/fn_string.hpp" />
		<Unit filename="include/noClass/fn_time.hpp" />
		<Unit filename="main.cpp" />
		<Unit filename="src/Application.cpp" />
		<Unit filename="src/Background.cpp" />
		<Unit filename="src/Bomb/Bomb.cpp" />
		<Unit filename="src/Bomb/BombManager.cpp" />
		<Unit filename="src/Bomb/StratBombSimple.cpp" />
		<Unit filename="src/BonusMalus/BonusDegatsBombes.cpp" />
		<Unit filename="src/BonusMalus/BonusLauncher.cpp" />
		<Unit filename="src/BonusMalus/BonusMalus.cpp" />
		<Unit filename="src/BonusMalus/BonusNbBombes.cpp" />
		<Unit filename="src/BonusMalus/BonusPusher.cpp" />
		<Unit filename="src/BonusMalus/BonusVitesse.cpp" />
		<Unit filename="src/BonusMalus/MalusDegatsBombes.cpp" />
		<Unit filename="src/BonusMalus/MalusNbBombes.cpp" />
		<Unit filename="src/BonusMalus/MalusVitesse.cpp" />
		<Unit filename="src/Editeur/EditeurMap.cpp" />
		<Unit filename="src/Game/Block.cpp" />
		<Unit filename="src/Game/Case.cpp" />
		<Unit filename="src/Game/Game.cpp" />
		<Unit filename="src/Game/Map.cpp" />
		<Unit filename="src/Game/Mur.cpp" />
		<Unit filename="src/Game/Sol.cpp" />
		<Unit filename="src/General/Console.cpp" />
		<Unit filename="src/General/EventManager.cpp" />
		<Unit filename="src/General/EventManager.hpp" />
		<Unit filename="src/General/Ressource.cpp" />
		<Unit filename="src/General/Screen.cpp" />
		<Unit filename="src/General/ScreenManager.cpp" />
		<Unit filename="src/Menu/Menu.cpp" />
		<Unit filename="src/Menu/MenuIndex.cpp" />
		<Unit filename="src/Observable.cpp" />
		<Unit filename="src/Observateur.cpp" />
		<Unit filename="src/Personnage/EventManager.hpp" />
		<Unit filename="src/Personnage/Humain.cpp" />
		<Unit filename="src/Personnage/IA.cpp" />
		<Unit filename="src/Personnage/Personnage.cpp" />
		<Unit filename="src/gui/Bouton.cpp" />
		<Unit filename="src/gui/Checkbox.cpp" />
		<Unit filename="src/gui/InputText.cpp" />
		<Unit filename="src/gui/Slider.cpp" />
		<Unit filename="src/noClass/Collision.cpp" />
		<Unit filename="src/noClass/fn_file.cpp" />
		<Unit filename="src/noClass/fn_random.cpp" />
		<Unit filename="src/noClass/fn_string.cpp" />
		<Unit filename="src/noClass/fn_string.hpp" />
		<Unit filename="src/noClass/fn_time.cpp" />
		<Extensions>
			<code_completion />
			<debugger />
			<envvars />
		</Extensions>
	</Project>
</CodeBlocks_project_file>
