<?xml version="1.0" encoding="UTF-8" standalone="yes" ?>
<CodeBlocks_project_file>
	<FileVersion major="1" minor="6" />
	<Project>
		<Option title="Bomberman" />
		<Option platforms="Windows;Unix;" />
		<Option pch_mode="2" />
		<Option compiler="gcc" />
		<Build>
			<Target title="Debug_linux64">
				<Option platforms="Unix;" />
				<Option output="bin/Debug_l/Bomberman_linux_64" prefix_auto="0" extension_auto="0" />
				<Option object_output="obj/Debug_l/" />
				<Option type="1" />
				<Option compiler="gcc" />
				<Compiler>
					<Add option="-Wextra" />
					<Add option="-Wall" />
					<Add option="-g" />
					<Add option="-std=c++11" />
					<Add directory="SFML-2.1-linux64/include" />
					<Add directory="include" />
					<Add directory="include/gui" />
				</Compiler>
				<Linker>
					<Add option="-lGL" />
					<Add option="-lGLU" />
					<Add library="SFML-2.1-linux64/lib/libsfml-audio.so" />
					<Add library="SFML-2.1-linux64/lib/libsfml-graphics.so" />
					<Add library="SFML-2.1-linux64/lib/libsfml-window.so" />
					<Add library="SFML-2.1-linux64/lib/libsfml-system.so" />
					<Add library="SFML-2.1-linux64/lib/libsfml-network.so" />
					<Add directory="SFML-2.1-linux64/lib" />
				</Linker>
			</Target>
			<Target title="Release_linux64">
				<Option platforms="Unix;" />
				<Option output="Bomberman_linux_64" prefix_auto="0" extension_auto="0" />
				<Option object_output="obj/Release_l/" />
				<Option type="0" />
				<Option compiler="gcc" />
				<Compiler>
					<Add option="-O3" />
					<Add option="-std=c++11" />
					<Add directory="SFML-2.1-linux64/include" />
					<Add directory="include" />
					<Add directory="include/gui" />
				</Compiler>
				<Linker>
					<Add option="-s" />
					<Add option="-lGL" />
					<Add option="-lGLU" />
					<Add library="SFML-2.1-linux64/lib/libsfml-audio.so" />
					<Add library="SFML-2.1-linux64/lib/libsfml-graphics.so" />
					<Add library="SFML-2.1-linux64/lib/libsfml-window.so" />
					<Add library="SFML-2.1-linux64/lib/libsfml-system.so" />
					<Add library="SFML-2.1-linux64/lib/libsfml-network.so" />
					<Add directory="SFML-2.1-linux64/lib" />
				</Linker>
			</Target>
			<Target title="Debug_win32">
				<Option platforms="Windows;" />
				<Option output="bin/Debug_w/Bomberman_win_64" prefix_auto="1" extension_auto="1" />
				<Option object_output="obj/Debug_w/" />
				<Option type="1" />
				<Option compiler="gcc" />
				<Compiler>
					<Add option="-std=c++11" />
					<Add option="-Wextra" />
					<Add option="-Wall" />
					<Add option="-g" />
					<Add option="-DSFML_STATIC" />
					<Add directory="./SFML-2.1/include" />
					<Add directory="include" />
					<Add directory="include/gui" />
				</Compiler>
				<Linker>
					<Add option="-lglu32" />
					<Add library="sfml-audio-s-d" />
					<Add library="sfml-graphics-s-d" />
					<Add library="sfml-window-s-d" />
					<Add library="sfml-system-s-d" />
					<Add library="sfml-network-s-d" />
					<Add directory="./SFML-2.1/lib" />
				</Linker>
			</Target>
			<Target title="Release_win32">
				<Option platforms="Windows;" />
				<Option output="Bomberman_win_64" prefix_auto="1" extension_auto="1" />
				<Option object_output="obj/Release_w/" />
				<Option type="0" />
				<Option compiler="gcc" />
				<Compiler>
					<Add option="-O3" />
					<Add option="-std=c++11" />
					<Add option="-DSFML_STATIC" />
					<Add directory="./SFML-2.1/include" />
					<Add directory="include" />
					<Add directory="include/gui" />
				</Compiler>
				<Linker>
					<Add option="-s" />
					<Add option="-lglu32" />
					<Add library="sfml-audio-s" />
					<Add library="sfml-graphics-s" />
					<Add library="sfml-window-s" />
					<Add library="sfml-system-s" />
					<Add library="sfml-network-s" />
					<Add directory="./SFML-2.1/lib" />
				</Linker>
			</Target>
		</Build>
		<Compiler>
			<Add directory="include" />
		</Compiler>
		<Unit filename="include/Application.hpp" />
		<Unit filename="include/General.hpp" />
		<Unit filename="include/General/Console.hpp" />
		<Unit filename="include/General/Ressource.hpp" />
		<Unit filename="include/General/Screen.h" />
		<Unit filename="include/General/ScreenManager.h" />
		<Unit filename="include/Menu.hpp" />
		<Unit filename="include/Observable.hpp" />
		<Unit filename="include/Observateur.hpp" />
		<Unit filename="include/gui/Bouton.hpp" />
		<Unit filename="include/header.hpp" />
		<Unit filename="include/noClass/Collision.hpp" />
		<Unit filename="include/noClass/fileManager.hpp" />
		<Unit filename="include/noClass/fn_random.hpp" />
		<Unit filename="include/noClass/fn_string.hpp" />
		<Unit filename="include/noClass/fn_time.hpp" />
		<Unit filename="main.cpp" />
		<Unit filename="src/Application.cpp" />
		<Unit filename="src/General/Console.cpp" />
		<Unit filename="src/General/Ressource.cpp" />
		<Unit filename="src/General/Screen.cpp" />
		<Unit filename="src/General/ScreenManager.cpp" />
		<Unit filename="src/Menu.cpp" />
		<Unit filename="src/Observable.cpp" />
		<Unit filename="src/Observateur.cpp" />
		<Unit filename="src/gui/Bouton.cpp" />
		<Unit filename="src/noClass/Collision.cpp" />
		<Unit filename="src/noClass/fileManager.cpp" />
		<Unit filename="src/noClass/fn_random.cpp" />
		<Unit filename="src/noClass/fn_string.cpp" />
		<Unit filename="src/noClass/fn_time.cpp" />
		<Extensions>
			<code_completion />
			<debugger />
			<envvars />
		</Extensions>
	</Project>
</CodeBlocks_project_file>
