<?xml version="1.0" encoding="UTF-8" standalone="yes" ?>
<CodeBlocks_project_file>
	<FileVersion major="1" minor="6" />
	<Project>
		<Option title="Bomberman" />
		<Option platforms="Windows;Unix;" />
		<Option pch_mode="2" />
		<Option compiler="gcc" />
		<Build>
			<Target title="Debug_linux64">
				<Option platforms="Unix;" />
				<Option output="bin/Debug_l/Bomberman_linux_64" prefix_auto="0" extension_auto="0" />
				<Option object_output="obj/Debug_l/" />
				<Option type="1" />
				<Option compiler="gcc" />
				<Compiler>
					<Add option="-Wextra" />
					<Add option="-Wall" />
					<Add option="-g" />
					<Add option="-std=c++11" />
					<Add directory="SFML-2.1-linux64/include" />
					<Add directory="include" />
					<Add directory="include/gui" />
					<Add directory="include/Menu" />
					<Add directory="include/Personnage" />
					<Add directory="include/BonusMalus" />
					<Add directory="include/Game" />
				</Compiler>
				<Linker>
					<Add option="-lGL" />
					<Add option="-lGLU" />
					<Add library="SFML-2.1-linux64/lib/libsfml-audio.so" />
					<Add library="SFML-2.1-linux64/lib/libsfml-graphics.so" />
					<Add library="SFML-2.1-linux64/lib/libsfml-window.so" />
					<Add library="SFML-2.1-linux64/lib/libsfml-system.so" />
					<Add library="SFML-2.1-linux64/lib/libsfml-network.so" />
					<Add directory="SFML-2.1-linux64/lib" />
				</Linker>
			</Target>
			<Target title="Release_linux64">
				<Option platforms="Unix;" />
				<Option output="Bomberman_linux_64" prefix_auto="0" extension_auto="0" />
				<Option object_output="obj/Release_l/" />
				<Option type="0" />
				<Option compiler="gcc" />
				<Compiler>
					<Add option="-O3" />
					<Add option="-std=c++11" />
					<Add directory="SFML-2.1-linux64/include" />
					<Add directory="include" />
					<Add directory="include/gui" />
					<Add directory="include/Menu" />
					<Add directory="include/Personnage" />
					<Add directory="include/BonusMalus" />
					<Add directory="include/Game" />
				</Compiler>
				<Linker>
					<Add option="-s" />
					<Add option="-lGL" />
					<Add option="-lGLU" />
					<Add library="SFML-2.1-linux64/lib/libsfml-audio.so" />
					<Add library="SFML-2.1-linux64/lib/libsfml-graphics.so" />
					<Add library="SFML-2.1-linux64/lib/libsfml-window.so" />
					<Add library="SFML-2.1-linux64/lib/libsfml-system.so" />
					<Add library="SFML-2.1-linux64/lib/libsfml-network.so" />
					<Add directory="SFML-2.1-linux64/lib" />
				</Linker>
			</Target>
			<Target title="Debug_win32">
				<Option platforms="Windows;" />
				<Option output="bin/Debug_w/Bomberman_win_64" prefix_auto="1" extension_auto="1" />
				<Option object_output="obj/Debug_w/" />
				<Option type="1" />
				<Option compiler="gcc" />
				<Compiler>
					<Add option="-std=c++11" />
					<Add option="-Wextra" />
					<Add option="-Wall" />
					<Add option="-g" />
					<Add option="-DSFML_STATIC" />
					<Add directory="./SFML-2.1/include" />
					<Add directory="include" />
					<Add directory="include/gui" />
					<Add directory="include/Menu" />
					<Add directory="include/Personnage" />
					<Add directory="include/BonusMalus" />
					<Add directory="include/Game" />
				</Compiler>
				<Linker>
					<Add option="-lglu32" />
					<Add library="sfml-audio-s-d" />
					<Add library="sfml-graphics-s-d" />
					<Add library="sfml-window-s-d" />
					<Add library="sfml-system-s-d" />
					<Add library="sfml-network-s-d" />
					<Add directory="./SFML-2.1/lib" />
				</Linker>
			</Target>
			<Target title="Release_win32">
				<Option platforms="Windows;" />
				<Option output="Bomberman_win_64" prefix_auto="1" extension_auto="1" />
				<Option object_output="obj/Release_w/" />
				<Option type="0" />
				<Option compiler="gcc" />
				<Compiler>
					<Add option="-O3" />
					<Add option="-std=c++11" />
					<Add option="-DSFML_STATIC" />
					<Add directory="./SFML-2.1/include" />
					<Add directory="include" />
					<Add directory="include/gui" />
					<Add directory="include/Menu" />
					<Add directory="include/Personnage" />
					<Add directory="include/BonusMalus" />
					<Add directory="include/Game" />
				</Compiler>
				<Linker>
					<Add option="-s" />
					<Add option="-lglu32" />
					<Add library="sfml-audio-s" />
					<Add library="sfml-graphics-s" />
					<Add library="sfml-window-s" />
					<Add library="sfml-system-s" />
					<Add library="sfml-network-s" />
					<Add directory="./SFML-2.1/lib" />
				</Linker>
			</Target>
		</Build>
		<Compiler>
			<Add directory="include" />
		</Compiler>
		<Unit filename="include/Application.hpp" />
		<Unit filename="include/Background.h" />
		<Unit filename="include/BonusMalus/BonusDegatsBombes.hpp" />
		<Unit filename="include/BonusMalus/BonusLauncher.hpp" />
		<Unit filename="include/BonusMalus/BonusMalus.hpp" />
		<Unit filename="include/BonusMalus/BonusNbBombes.hpp" />
		<Unit filename="include/BonusMalus/BonusPusher.h" />
		<Unit filename="include/BonusMalus/BonusVitesse.hpp" />
		<Unit filename="include/BonusMalus/MalusDegatsBombes.hpp" />
		<Unit filename="include/BonusMalus/MalusNbBombes.hpp" />
		<Unit filename="include/BonusMalus/MalusVitesse.hpp" />
		<Unit filename="include/Game/Block.hpp" />
		<Unit filename="include/Game/Case.hpp" />
		<Unit filename="include/Game/Game.hpp" />
		<Unit filename="include/Game/Map.hpp" />
		<Unit filename="include/Game/Mur.hpp" />
		<Unit filename="include/Game/Sol.hpp" />
		<Unit filename="include/General.hpp" />
		<Unit filename="include/General/Console.hpp" />
		<Unit filename="include/General/EventManager.hpp" />
		<Unit filename="include/General/Ressource.hpp" />
		<Unit filename="include/General/Screen.h" />
		<Unit filename="include/General/ScreenManager.h" />
		<Unit filename="include/Menu/Menu.hpp" />
		<Unit filename="include/Menu/MenuIndex.hpp" />
		<Unit filename="include/Observable.hpp" />
		<Unit filename="include/Observateur.hpp" />
		<Unit filename="include/Personnage/Personnage.hpp" />
		<Unit filename="include/gui/Bouton.hpp" />
		<Unit filename="include/gui/Checkbox.hpp" />
		<Unit filename="include/gui/InputText.hpp" />
		<Unit filename="include/gui/Slider.hpp" />
		<Unit filename="include/header.hpp" />
		<Unit filename="include/noClass.hpp" />
		<Unit filename="include/noClass/Collision.hpp" />
		<Unit filename="include/noClass/fn_file.hpp" />
		<Unit filename="include/noClass/fn_random.hpp" />
		<Unit filename="include/noClass/fn_string.hpp" />
		<Unit filename="include/noClass/fn_time.hpp" />
		<Unit filename="main.cpp" />
		<Unit filename="src/Application.cpp" />
		<Unit filename="src/Background.cpp" />
		<Unit filename="src/BonusMalus/BonusDegatsBombes.cpp" />
		<Unit filename="src/BonusMalus/BonusLauncher.cpp" />
		<Unit filename="src/BonusMalus/BonusMalus.cpp" />
		<Unit filename="src/BonusMalus/BonusNbBombes.cpp" />
		<Unit filename="src/BonusMalus/BonusPusher.cpp" />
		<Unit filename="src/BonusMalus/BonusVitesse.cpp" />
		<Unit filename="src/BonusMalus/MalusDegatsBombes.cpp" />
		<Unit filename="src/BonusMalus/MalusNbBombes.cpp" />
		<Unit filename="src/BonusMalus/MalusVitesse.cpp" />
		<Unit filename="src/Game/Block.cpp" />
		<Unit filename="src/Game/Case.cpp" />
		<Unit filename="src/Game/Game.cpp" />
		<Unit filename="src/Game/Map.cpp" />
		<Unit filename="src/Game/Mur.cpp" />
		<Unit filename="src/Game/Sol.cpp" />
		<Unit filename="src/General/Console.cpp" />
		<Unit filename="src/General/EventManager.cpp" />
		<Unit filename="src/General/EventManager.hpp" />
		<Unit filename="src/General/Ressource.cpp" />
		<Unit filename="src/General/Screen.cpp" />
		<Unit filename="src/General/ScreenManager.cpp" />
		<Unit filename="src/Menu/Menu.cpp" />
		<Unit filename="src/Menu/MenuIndex.cpp" />
		<Unit filename="src/Observable.cpp" />
		<Unit filename="src/Observateur.cpp" />
		<Unit filename="src/Personnage/EventManager.hpp" />
		<Unit filename="src/Personnage/Personnage.cpp" />
		<Unit filename="src/gui/Bouton.cpp" />
		<Unit filename="src/gui/Checkbox.cpp" />
		<Unit filename="src/gui/InputText.cpp" />
		<Unit filename="src/gui/Slider.cpp" />
		<Unit filename="src/noClass/Collision.cpp" />
		<Unit filename="src/noClass/fn_file.cpp" />
		<Unit filename="src/noClass/fn_random.cpp" />
		<Unit filename="src/noClass/fn_string.cpp" />
		<Unit filename="src/noClass/fn_string.hpp" />
		<Unit filename="src/noClass/fn_time.cpp" />
		<Extensions>
			<code_completion />
			<debugger />
			<envvars />
		</Extensions>
	</Project>
</CodeBlocks_project_file>
